
Microsoft Visual Studio Solution File, Format Version 12.00
# Visual Studio Version 16
VisualStudioVersion = 16.0.29613.14
MinimumVisualStudioVersion = 10.0.40219.1
Project("{FAE04EC0-301F-11D3-BF4B-00C04F79EFBC}") = "LeetCode001", "LeetCode001.csproj", "{9399D281-C5A8-43ED-B0FD-D823C33242E5}"
EndProject
Global
	GlobalSection(SolutionConfigurationPlatforms) = preSolution
		Debug|Any CPU = Debug|Any CPU
		Release|Any CPU = Release|Any CPU
	EndGlobalSection
	GlobalSection(ProjectConfigurationPlatforms) = postSolution
		{9399D281-C5A8-43ED-B0FD-D823C33242E5}.Debug|Any CPU.ActiveCfg = Debug|Any CPU
		{9399D281-C5A8-43ED-B0FD-D823C33242E5}.Debug|Any CPU.Build.0 = Debug|Any CPU
		{9399D281-C5A8-43ED-B0FD-D823C33242E5}.Release|Any CPU.ActiveCfg = Release|Any CPU
		{9399D281-C5A8-43ED-B0FD-D823C33242E5}.Release|Any CPU.Build.0 = Release|Any CPU
	EndGlobalSection
	GlobalSection(SolutionProperties) = preSolution
		HideSolutionNode = FALSE
	EndGlobalSection
	GlobalSection(ExtensibilityGlobals) = postSolution
		SolutionGuid = {F14131BD-4249-4064-A97E-B8EB36BD90FE}
	EndGlobalSection
EndGlobal
