
Microsoft Visual Studio Solution File, Format Version 12.00
# Visual Studio Version 16
VisualStudioVersion = 16.0.30011.22
MinimumVisualStudioVersion = 10.0.40219.1
Project("{FAE04EC0-301F-11D3-BF4B-00C04F79EFBC}") = "LeetCodeLastStone", "LeetCodeLastStone.csproj", "{D00754ED-230D-4F25-A3D2-1A498F56712C}"
EndProject
Global
	GlobalSection(SolutionConfigurationPlatforms) = preSolution
		Debug|Any CPU = Debug|Any CPU
		Release|Any CPU = Release|Any CPU
	EndGlobalSection
	GlobalSection(ProjectConfigurationPlatforms) = postSolution
		{D00754ED-230D-4F25-A3D2-1A498F56712C}.Debug|Any CPU.ActiveCfg = Debug|Any CPU
		{D00754ED-230D-4F25-A3D2-1A498F56712C}.Debug|Any CPU.Build.0 = Debug|Any CPU
		{D00754ED-230D-4F25-A3D2-1A498F56712C}.Release|Any CPU.ActiveCfg = Release|Any CPU
		{D00754ED-230D-4F25-A3D2-1A498F56712C}.Release|Any CPU.Build.0 = Release|Any CPU
	EndGlobalSection
	GlobalSection(SolutionProperties) = preSolution
		HideSolutionNode = FALSE
	EndGlobalSection
	GlobalSection(ExtensibilityGlobals) = postSolution
		SolutionGuid = {D29C8CC6-7D2F-46F0-9B25-C517648AD82F}
	EndGlobalSection
EndGlobal
