
Microsoft Visual Studio Solution File, Format Version 12.00
# Visual Studio Version 16
VisualStudioVersion = 16.0.29926.136
MinimumVisualStudioVersion = 10.0.40219.1
Project("{FAE04EC0-301F-11D3-BF4B-00C04F79EFBC}") = "LeetCodeCountingElements", "LeetCodeCountingElements.csproj", "{06D1D16E-E2B5-468D-8AD6-CF970B60E067}"
EndProject
Global
	GlobalSection(SolutionConfigurationPlatforms) = preSolution
		Debug|Any CPU = Debug|Any CPU
		Release|Any CPU = Release|Any CPU
	EndGlobalSection
	GlobalSection(ProjectConfigurationPlatforms) = postSolution
		{06D1D16E-E2B5-468D-8AD6-CF970B60E067}.Debug|Any CPU.ActiveCfg = Debug|Any CPU
		{06D1D16E-E2B5-468D-8AD6-CF970B60E067}.Debug|Any CPU.Build.0 = Debug|Any CPU
		{06D1D16E-E2B5-468D-8AD6-CF970B60E067}.Release|Any CPU.ActiveCfg = Release|Any CPU
		{06D1D16E-E2B5-468D-8AD6-CF970B60E067}.Release|Any CPU.Build.0 = Release|Any CPU
	EndGlobalSection
	GlobalSection(SolutionProperties) = preSolution
		HideSolutionNode = FALSE
	EndGlobalSection
	GlobalSection(ExtensibilityGlobals) = postSolution
		SolutionGuid = {20AD500D-F8AF-49DC-97E1-510CAC74C475}
	EndGlobalSection
EndGlobal
