
Microsoft Visual Studio Solution File, Format Version 12.00
# Visual Studio Version 16
VisualStudioVersion = 16.0.29920.165
MinimumVisualStudioVersion = 10.0.40219.1
Project("{FAE04EC0-301F-11D3-BF4B-00C04F79EFBC}") = "LeetCodeMoveZeros", "LeetCodeMoveZeros.csproj", "{149B54FC-B155-4512-87DC-E73BD25D4F54}"
EndProject
Global
	GlobalSection(SolutionConfigurationPlatforms) = preSolution
		Debug|Any CPU = Debug|Any CPU
		Release|Any CPU = Release|Any CPU
	EndGlobalSection
	GlobalSection(ProjectConfigurationPlatforms) = postSolution
		{149B54FC-B155-4512-87DC-E73BD25D4F54}.Debug|Any CPU.ActiveCfg = Debug|Any CPU
		{149B54FC-B155-4512-87DC-E73BD25D4F54}.Debug|Any CPU.Build.0 = Debug|Any CPU
		{149B54FC-B155-4512-87DC-E73BD25D4F54}.Release|Any CPU.ActiveCfg = Release|Any CPU
		{149B54FC-B155-4512-87DC-E73BD25D4F54}.Release|Any CPU.Build.0 = Release|Any CPU
	EndGlobalSection
	GlobalSection(SolutionProperties) = preSolution
		HideSolutionNode = FALSE
	EndGlobalSection
	GlobalSection(ExtensibilityGlobals) = postSolution
		SolutionGuid = {AB816358-43C3-43E5-A0C7-A97ACC3C69F0}
	EndGlobalSection
EndGlobal
