
Microsoft Visual Studio Solution File, Format Version 12.00
# Visual Studio Version 16
VisualStudioVersion = 16.0.30204.135
MinimumVisualStudioVersion = 10.0.40219.1
Project("{FAE04EC0-301F-11D3-BF4B-00C04F79EFBC}") = "LeetCode735", "LeetCode735.csproj", "{88FE7B1E-ACEA-43CF-815B-7AB035CAA881}"
EndProject
Global
	GlobalSection(SolutionConfigurationPlatforms) = preSolution
		Debug|Any CPU = Debug|Any CPU
		Release|Any CPU = Release|Any CPU
	EndGlobalSection
	GlobalSection(ProjectConfigurationPlatforms) = postSolution
		{88FE7B1E-ACEA-43CF-815B-7AB035CAA881}.Debug|Any CPU.ActiveCfg = Debug|Any CPU
		{88FE7B1E-ACEA-43CF-815B-7AB035CAA881}.Debug|Any CPU.Build.0 = Debug|Any CPU
		{88FE7B1E-ACEA-43CF-815B-7AB035CAA881}.Release|Any CPU.ActiveCfg = Release|Any CPU
		{88FE7B1E-ACEA-43CF-815B-7AB035CAA881}.Release|Any CPU.Build.0 = Release|Any CPU
	EndGlobalSection
	GlobalSection(SolutionProperties) = preSolution
		HideSolutionNode = FALSE
	EndGlobalSection
	GlobalSection(ExtensibilityGlobals) = postSolution
		SolutionGuid = {D117F54F-9328-4A79-8948-DC6F130EDD49}
	EndGlobalSection
EndGlobal
