
Microsoft Visual Studio Solution File, Format Version 12.00
# Visual Studio Version 16
VisualStudioVersion = 16.0.29926.136
MinimumVisualStudioVersion = 10.0.40219.1
Project("{FAE04EC0-301F-11D3-BF4B-00C04F79EFBC}") = "LeetCodeBackspaceCompare", "LeetCodeBackspaceCompare.csproj", "{3EF24124-7ADE-48B3-974D-64C68A551623}"
EndProject
Global
	GlobalSection(SolutionConfigurationPlatforms) = preSolution
		Debug|Any CPU = Debug|Any CPU
		Release|Any CPU = Release|Any CPU
	EndGlobalSection
	GlobalSection(ProjectConfigurationPlatforms) = postSolution
		{3EF24124-7ADE-48B3-974D-64C68A551623}.Debug|Any CPU.ActiveCfg = Debug|Any CPU
		{3EF24124-7ADE-48B3-974D-64C68A551623}.Debug|Any CPU.Build.0 = Debug|Any CPU
		{3EF24124-7ADE-48B3-974D-64C68A551623}.Release|Any CPU.ActiveCfg = Release|Any CPU
		{3EF24124-7ADE-48B3-974D-64C68A551623}.Release|Any CPU.Build.0 = Release|Any CPU
	EndGlobalSection
	GlobalSection(SolutionProperties) = preSolution
		HideSolutionNode = FALSE
	EndGlobalSection
	GlobalSection(ExtensibilityGlobals) = postSolution
		SolutionGuid = {3FEA5444-C633-41C0-BDCD-395A7CDCD025}
	EndGlobalSection
EndGlobal
